
Microsoft Visual Studio Solution File, Format Version 12.00
# Visual Studio Version 17
VisualStudioVersion = 17.5.33424.131
MinimumVisualStudioVersion = 10.0.40219.1
Project("{FAE04EC0-301F-11D3-BF4B-00C04F79EFBC}") = "desafio5", "desafio5\desafio5.csproj", "{59A09A91-C563-4073-92C5-52291B02538C}"
EndProject
Global
	GlobalSection(SolutionConfigurationPlatforms) = preSolution
		Debug|Any CPU = Debug|Any CPU
		Release|Any CPU = Release|Any CPU
	EndGlobalSection
	GlobalSection(ProjectConfigurationPlatforms) = postSolution
		{59A09A91-C563-4073-92C5-52291B02538C}.Debug|Any CPU.ActiveCfg = Debug|Any CPU
		{59A09A91-C563-4073-92C5-52291B02538C}.Debug|Any CPU.Build.0 = Debug|Any CPU
		{59A09A91-C563-4073-92C5-52291B02538C}.Release|Any CPU.ActiveCfg = Release|Any CPU
		{59A09A91-C563-4073-92C5-52291B02538C}.Release|Any CPU.Build.0 = Release|Any CPU
	EndGlobalSection
	GlobalSection(SolutionProperties) = preSolution
		HideSolutionNode = FALSE
	EndGlobalSection
	GlobalSection(ExtensibilityGlobals) = postSolution
		SolutionGuid = {DD771FD1-FE11-46D4-8F50-57B887593D61}
	EndGlobalSection
EndGlobal
